
Microsoft Visual Studio Solution File, Format Version 12.00
# Visual Studio Version 17
VisualStudioVersion = 17.9.34607.119
MinimumVisualStudioVersion = 10.0.40219.1
Project("{FAE04EC0-301F-11D3-BF4B-00C04F79EFBC}") = "PasswordHasherApp", "PasswordHasherApp\PasswordHasherApp.csproj", "{C974C180-1E42-43BD-A6A3-E18183833DA3}"
EndProject
Global
	GlobalSection(SolutionConfigurationPlatforms) = preSolution
		Debug|Any CPU = Debug|Any CPU
		Release|Any CPU = Release|Any CPU
	EndGlobalSection
	GlobalSection(ProjectConfigurationPlatforms) = postSolution
		{C974C180-1E42-43BD-A6A3-E18183833DA3}.Debug|Any CPU.ActiveCfg = Debug|Any CPU
		{C974C180-1E42-43BD-A6A3-E18183833DA3}.Debug|Any CPU.Build.0 = Debug|Any CPU
		{C974C180-1E42-43BD-A6A3-E18183833DA3}.Release|Any CPU.ActiveCfg = Release|Any CPU
		{C974C180-1E42-43BD-A6A3-E18183833DA3}.Release|Any CPU.Build.0 = Release|Any CPU
	EndGlobalSection
	GlobalSection(SolutionProperties) = preSolution
		HideSolutionNode = FALSE
	EndGlobalSection
	GlobalSection(ExtensibilityGlobals) = postSolution
		SolutionGuid = {37083218-6665-41CC-8988-F797CEF62D55}
	EndGlobalSection
EndGlobal
